
Microsoft Visual Studio Solution File, Format Version 12.00
# Visual Studio Version 16
VisualStudioVersion = 16.0.29230.47
MinimumVisualStudioVersion = 10.0.40219.1
Project("{FAE04EC0-301F-11D3-BF4B-00C04F79EFBC}") = "Exercise_01", "Exercise_01\Exercise_01.csproj", "{9DF6D745-A1B5-4030-BA3E-DDD272A24E0E}"
EndProject
Project("{FAE04EC0-301F-11D3-BF4B-00C04F79EFBC}") = "Exercise_02", "Exercise_02\Exercise_02.csproj", "{4AA2CD03-CFE2-4B75-87D6-66B3ABD7E11C}"
EndProject
Project("{FAE04EC0-301F-11D3-BF4B-00C04F79EFBC}") = "Exercise_03", "Exercise_03\Exercise_03.csproj", "{4366EC69-2849-4AB0-BE7B-F1BF7B5C4309}"
EndProject
Project("{FAE04EC0-301F-11D3-BF4B-00C04F79EFBC}") = "Exercise_04", "Exercise_04\Exercise_04.csproj", "{83220A55-173B-4D9A-BFC0-6EFFD6843C2C}"
EndProject
Project("{FAE04EC0-301F-11D3-BF4B-00C04F79EFBC}") = "Exercise_05", "Exercise_05\Exercise_05.csproj", "{4E186909-5C0B-437D-9A71-6ABB10E1DFC8}"
EndProject
Project("{FAE04EC0-301F-11D3-BF4B-00C04F79EFBC}") = "Exercise_06", "Exercise_06\Exercise_06.csproj", "{6B82421C-40CE-4FC3-96C2-E185407E663F}"
EndProject
Project("{FAE04EC0-301F-11D3-BF4B-00C04F79EFBC}") = "Exercise_07", "Exercise_07\Exercise_07.csproj", "{065DAFCB-4F58-4B87-87CD-5D185083F120}"
EndProject
Project("{FAE04EC0-301F-11D3-BF4B-00C04F79EFBC}") = "Exercise_08", "Exercise_08\Exercise_08.csproj", "{7423CEB0-47CC-4535-B2F8-F0207754A0BF}"
EndProject
Project("{FAE04EC0-301F-11D3-BF4B-00C04F79EFBC}") = "Exercise_10", "Exercise_09\Exercise_10.csproj", "{F28FCB49-25CC-413E-8FD7-DBAF0D1D7EA4}"
EndProject
Project("{FAE04EC0-301F-11D3-BF4B-00C04F79EFBC}") = "Exercise_11", "Exercise_11\Exercise_11.csproj", "{2C7404A6-312F-4A49-B781-C76E96F55427}"
EndProject
Project("{FAE04EC0-301F-11D3-BF4B-00C04F79EFBC}") = "Exercise_12", "Exercise_12\Exercise_12.csproj", "{1FD489AC-AAC9-4B9D-B7ED-3613FA45252C}"
EndProject
Project("{FAE04EC0-301F-11D3-BF4B-00C04F79EFBC}") = "Exercise_13", "Exercise_13\Exercise_13.csproj", "{412C69C1-30A7-4A0D-8B25-E3550CD26F70}"
EndProject
Project("{FAE04EC0-301F-11D3-BF4B-00C04F79EFBC}") = "Exercise_14", "Exercise_14\Exercise_14.csproj", "{A4ED4EAC-E3FF-4DAE-9D70-BE02EF659828}"
EndProject
Project("{FAE04EC0-301F-11D3-BF4B-00C04F79EFBC}") = "Exercise_15", "Exercise_15\Exercise_15.csproj", "{FDAEFFE0-E582-4B91-A4FA-6303EDE521EC}"
EndProject
Project("{FAE04EC0-301F-11D3-BF4B-00C04F79EFBC}") = "Ecercise_16", "Ecercise_16\Ecercise_16.csproj", "{BC4A3CCF-42CE-402F-BECB-2C83F9105B68}"
EndProject
Project("{FAE04EC0-301F-11D3-BF4B-00C04F79EFBC}") = "Exercise_17", "Exercise_17\Exercise_17.csproj", "{D648B79D-685C-4AE7-8FCB-E30B48382E77}"
EndProject
Project("{FAE04EC0-301F-11D3-BF4B-00C04F79EFBC}") = "Exercise_18", "Exercise_18\Exercise_18.csproj", "{E77B2D61-CFAB-4066-AF49-FB3DCAAFFC45}"
EndProject
Project("{FAE04EC0-301F-11D3-BF4B-00C04F79EFBC}") = "Exercise_19", "Exercise_19\Exercise_19.csproj", "{C16C6777-451F-4D90-88B0-C7EEE12F2C9B}"
EndProject
Project("{FAE04EC0-301F-11D3-BF4B-00C04F79EFBC}") = "Exercise_20", "Exercise_20\Exercise_20.csproj", "{FBE73FA4-80B6-4E75-8DF8-EF7D9CFBE89A}"
EndProject
Project("{FAE04EC0-301F-11D3-BF4B-00C04F79EFBC}") = "Exercise_21", "Exercise_21\Exercise_21.csproj", "{E789F3D0-A133-4437-85E2-47EFBF652031}"
EndProject
Project("{FAE04EC0-301F-11D3-BF4B-00C04F79EFBC}") = "Exercise_22", "Exercise_22\Exercise_22.csproj", "{FDF1258B-4090-4180-8E33-3F3C6411B7C5}"
EndProject
Project("{FAE04EC0-301F-11D3-BF4B-00C04F79EFBC}") = "Exercise_23", "Exercise_23\Exercise_23.csproj", "{C58B82EA-7FD6-4D63-89B4-4AE8E7CBCAE3}"
EndProject
Project("{FAE04EC0-301F-11D3-BF4B-00C04F79EFBC}") = "Exercise_24", "Exercise_24\Exercise_24.csproj", "{7C3B4D22-D193-4A11-88EF-537873B77225}"
EndProject
Project("{FAE04EC0-301F-11D3-BF4B-00C04F79EFBC}") = "Exercise_25", "Exercise_25\Exercise_25.csproj", "{D95B91E8-CE3A-4F85-8214-4030C95F8629}"
EndProject
Project("{FAE04EC0-301F-11D3-BF4B-00C04F79EFBC}") = "Exercise_26", "Exercise_26\Exercise_26.csproj", "{FC202D48-E148-4CDA-B816-9493613D6A61}"
EndProject
Project("{FAE04EC0-301F-11D3-BF4B-00C04F79EFBC}") = "Exercise_27", "Exercise_27\Exercise_27.csproj", "{CF88CF45-47F7-4E38-8D81-652C78DDC5A6}"
EndProject
Global
	GlobalSection(SolutionConfigurationPlatforms) = preSolution
		Debug|Any CPU = Debug|Any CPU
		Release|Any CPU = Release|Any CPU
	EndGlobalSection
	GlobalSection(ProjectConfigurationPlatforms) = postSolution
		{9DF6D745-A1B5-4030-BA3E-DDD272A24E0E}.Debug|Any CPU.ActiveCfg = Debug|Any CPU
		{9DF6D745-A1B5-4030-BA3E-DDD272A24E0E}.Debug|Any CPU.Build.0 = Debug|Any CPU
		{9DF6D745-A1B5-4030-BA3E-DDD272A24E0E}.Release|Any CPU.ActiveCfg = Release|Any CPU
		{9DF6D745-A1B5-4030-BA3E-DDD272A24E0E}.Release|Any CPU.Build.0 = Release|Any CPU
		{4AA2CD03-CFE2-4B75-87D6-66B3ABD7E11C}.Debug|Any CPU.ActiveCfg = Debug|Any CPU
		{4AA2CD03-CFE2-4B75-87D6-66B3ABD7E11C}.Debug|Any CPU.Build.0 = Debug|Any CPU
		{4AA2CD03-CFE2-4B75-87D6-66B3ABD7E11C}.Release|Any CPU.ActiveCfg = Release|Any CPU
		{4AA2CD03-CFE2-4B75-87D6-66B3ABD7E11C}.Release|Any CPU.Build.0 = Release|Any CPU
		{4366EC69-2849-4AB0-BE7B-F1BF7B5C4309}.Debug|Any CPU.ActiveCfg = Debug|Any CPU
		{4366EC69-2849-4AB0-BE7B-F1BF7B5C4309}.Debug|Any CPU.Build.0 = Debug|Any CPU
		{4366EC69-2849-4AB0-BE7B-F1BF7B5C4309}.Release|Any CPU.ActiveCfg = Release|Any CPU
		{4366EC69-2849-4AB0-BE7B-F1BF7B5C4309}.Release|Any CPU.Build.0 = Release|Any CPU
		{83220A55-173B-4D9A-BFC0-6EFFD6843C2C}.Debug|Any CPU.ActiveCfg = Debug|Any CPU
		{83220A55-173B-4D9A-BFC0-6EFFD6843C2C}.Debug|Any CPU.Build.0 = Debug|Any CPU
		{83220A55-173B-4D9A-BFC0-6EFFD6843C2C}.Release|Any CPU.ActiveCfg = Release|Any CPU
		{83220A55-173B-4D9A-BFC0-6EFFD6843C2C}.Release|Any CPU.Build.0 = Release|Any CPU
		{4E186909-5C0B-437D-9A71-6ABB10E1DFC8}.Debug|Any CPU.ActiveCfg = Debug|Any CPU
		{4E186909-5C0B-437D-9A71-6ABB10E1DFC8}.Debug|Any CPU.Build.0 = Debug|Any CPU
		{4E186909-5C0B-437D-9A71-6ABB10E1DFC8}.Release|Any CPU.ActiveCfg = Release|Any CPU
		{4E186909-5C0B-437D-9A71-6ABB10E1DFC8}.Release|Any CPU.Build.0 = Release|Any CPU
		{6B82421C-40CE-4FC3-96C2-E185407E663F}.Debug|Any CPU.ActiveCfg = Debug|Any CPU
		{6B82421C-40CE-4FC3-96C2-E185407E663F}.Debug|Any CPU.Build.0 = Debug|Any CPU
		{6B82421C-40CE-4FC3-96C2-E185407E663F}.Release|Any CPU.ActiveCfg = Release|Any CPU
		{6B82421C-40CE-4FC3-96C2-E185407E663F}.Release|Any CPU.Build.0 = Release|Any CPU
		{065DAFCB-4F58-4B87-87CD-5D185083F120}.Debug|Any CPU.ActiveCfg = Debug|Any CPU
		{065DAFCB-4F58-4B87-87CD-5D185083F120}.Debug|Any CPU.Build.0 = Debug|Any CPU
		{065DAFCB-4F58-4B87-87CD-5D185083F120}.Release|Any CPU.ActiveCfg = Release|Any CPU
		{065DAFCB-4F58-4B87-87CD-5D185083F120}.Release|Any CPU.Build.0 = Release|Any CPU
		{7423CEB0-47CC-4535-B2F8-F0207754A0BF}.Debug|Any CPU.ActiveCfg = Debug|Any CPU
		{7423CEB0-47CC-4535-B2F8-F0207754A0BF}.Debug|Any CPU.Build.0 = Debug|Any CPU
		{7423CEB0-47CC-4535-B2F8-F0207754A0BF}.Release|Any CPU.ActiveCfg = Release|Any CPU
		{7423CEB0-47CC-4535-B2F8-F0207754A0BF}.Release|Any CPU.Build.0 = Release|Any CPU
		{F28FCB49-25CC-413E-8FD7-DBAF0D1D7EA4}.Debug|Any CPU.ActiveCfg = Debug|Any CPU
		{F28FCB49-25CC-413E-8FD7-DBAF0D1D7EA4}.Debug|Any CPU.Build.0 = Debug|Any CPU
		{F28FCB49-25CC-413E-8FD7-DBAF0D1D7EA4}.Release|Any CPU.ActiveCfg = Release|Any CPU
		{F28FCB49-25CC-413E-8FD7-DBAF0D1D7EA4}.Release|Any CPU.Build.0 = Release|Any CPU
		{2C7404A6-312F-4A49-B781-C76E96F55427}.Debug|Any CPU.ActiveCfg = Debug|Any CPU
		{2C7404A6-312F-4A49-B781-C76E96F55427}.Debug|Any CPU.Build.0 = Debug|Any CPU
		{2C7404A6-312F-4A49-B781-C76E96F55427}.Release|Any CPU.ActiveCfg = Release|Any CPU
		{2C7404A6-312F-4A49-B781-C76E96F55427}.Release|Any CPU.Build.0 = Release|Any CPU
		{1FD489AC-AAC9-4B9D-B7ED-3613FA45252C}.Debug|Any CPU.ActiveCfg = Debug|Any CPU
		{1FD489AC-AAC9-4B9D-B7ED-3613FA45252C}.Debug|Any CPU.Build.0 = Debug|Any CPU
		{1FD489AC-AAC9-4B9D-B7ED-3613FA45252C}.Release|Any CPU.ActiveCfg = Release|Any CPU
		{1FD489AC-AAC9-4B9D-B7ED-3613FA45252C}.Release|Any CPU.Build.0 = Release|Any CPU
		{412C69C1-30A7-4A0D-8B25-E3550CD26F70}.Debug|Any CPU.ActiveCfg = Debug|Any CPU
		{412C69C1-30A7-4A0D-8B25-E3550CD26F70}.Debug|Any CPU.Build.0 = Debug|Any CPU
		{412C69C1-30A7-4A0D-8B25-E3550CD26F70}.Release|Any CPU.ActiveCfg = Release|Any CPU
		{412C69C1-30A7-4A0D-8B25-E3550CD26F70}.Release|Any CPU.Build.0 = Release|Any CPU
		{A4ED4EAC-E3FF-4DAE-9D70-BE02EF659828}.Debug|Any CPU.ActiveCfg = Debug|Any CPU
		{A4ED4EAC-E3FF-4DAE-9D70-BE02EF659828}.Debug|Any CPU.Build.0 = Debug|Any CPU
		{A4ED4EAC-E3FF-4DAE-9D70-BE02EF659828}.Release|Any CPU.ActiveCfg = Release|Any CPU
		{A4ED4EAC-E3FF-4DAE-9D70-BE02EF659828}.Release|Any CPU.Build.0 = Release|Any CPU
		{FDAEFFE0-E582-4B91-A4FA-6303EDE521EC}.Debug|Any CPU.ActiveCfg = Debug|Any CPU
		{FDAEFFE0-E582-4B91-A4FA-6303EDE521EC}.Debug|Any CPU.Build.0 = Debug|Any CPU
		{FDAEFFE0-E582-4B91-A4FA-6303EDE521EC}.Release|Any CPU.ActiveCfg = Release|Any CPU
		{FDAEFFE0-E582-4B91-A4FA-6303EDE521EC}.Release|Any CPU.Build.0 = Release|Any CPU
		{BC4A3CCF-42CE-402F-BECB-2C83F9105B68}.Debug|Any CPU.ActiveCfg = Debug|Any CPU
		{BC4A3CCF-42CE-402F-BECB-2C83F9105B68}.Debug|Any CPU.Build.0 = Debug|Any CPU
		{BC4A3CCF-42CE-402F-BECB-2C83F9105B68}.Release|Any CPU.ActiveCfg = Release|Any CPU
		{BC4A3CCF-42CE-402F-BECB-2C83F9105B68}.Release|Any CPU.Build.0 = Release|Any CPU
		{D648B79D-685C-4AE7-8FCB-E30B48382E77}.Debug|Any CPU.ActiveCfg = Debug|Any CPU
		{D648B79D-685C-4AE7-8FCB-E30B48382E77}.Debug|Any CPU.Build.0 = Debug|Any CPU
		{D648B79D-685C-4AE7-8FCB-E30B48382E77}.Release|Any CPU.ActiveCfg = Release|Any CPU
		{D648B79D-685C-4AE7-8FCB-E30B48382E77}.Release|Any CPU.Build.0 = Release|Any CPU
		{E77B2D61-CFAB-4066-AF49-FB3DCAAFFC45}.Debug|Any CPU.ActiveCfg = Debug|Any CPU
		{E77B2D61-CFAB-4066-AF49-FB3DCAAFFC45}.Debug|Any CPU.Build.0 = Debug|Any CPU
		{E77B2D61-CFAB-4066-AF49-FB3DCAAFFC45}.Release|Any CPU.ActiveCfg = Release|Any CPU
		{E77B2D61-CFAB-4066-AF49-FB3DCAAFFC45}.Release|Any CPU.Build.0 = Release|Any CPU
		{C16C6777-451F-4D90-88B0-C7EEE12F2C9B}.Debug|Any CPU.ActiveCfg = Debug|Any CPU
		{C16C6777-451F-4D90-88B0-C7EEE12F2C9B}.Debug|Any CPU.Build.0 = Debug|Any CPU
		{C16C6777-451F-4D90-88B0-C7EEE12F2C9B}.Release|Any CPU.ActiveCfg = Release|Any CPU
		{C16C6777-451F-4D90-88B0-C7EEE12F2C9B}.Release|Any CPU.Build.0 = Release|Any CPU
		{FBE73FA4-80B6-4E75-8DF8-EF7D9CFBE89A}.Debug|Any CPU.ActiveCfg = Debug|Any CPU
		{FBE73FA4-80B6-4E75-8DF8-EF7D9CFBE89A}.Debug|Any CPU.Build.0 = Debug|Any CPU
		{FBE73FA4-80B6-4E75-8DF8-EF7D9CFBE89A}.Release|Any CPU.ActiveCfg = Release|Any CPU
		{FBE73FA4-80B6-4E75-8DF8-EF7D9CFBE89A}.Release|Any CPU.Build.0 = Release|Any CPU
		{E789F3D0-A133-4437-85E2-47EFBF652031}.Debug|Any CPU.ActiveCfg = Debug|Any CPU
		{E789F3D0-A133-4437-85E2-47EFBF652031}.Debug|Any CPU.Build.0 = Debug|Any CPU
		{E789F3D0-A133-4437-85E2-47EFBF652031}.Release|Any CPU.ActiveCfg = Release|Any CPU
		{E789F3D0-A133-4437-85E2-47EFBF652031}.Release|Any CPU.Build.0 = Release|Any CPU
		{FDF1258B-4090-4180-8E33-3F3C6411B7C5}.Debug|Any CPU.ActiveCfg = Debug|Any CPU
		{FDF1258B-4090-4180-8E33-3F3C6411B7C5}.Debug|Any CPU.Build.0 = Debug|Any CPU
		{FDF1258B-4090-4180-8E33-3F3C6411B7C5}.Release|Any CPU.ActiveCfg = Release|Any CPU
		{FDF1258B-4090-4180-8E33-3F3C6411B7C5}.Release|Any CPU.Build.0 = Release|Any CPU
		{C58B82EA-7FD6-4D63-89B4-4AE8E7CBCAE3}.Debug|Any CPU.ActiveCfg = Debug|Any CPU
		{C58B82EA-7FD6-4D63-89B4-4AE8E7CBCAE3}.Debug|Any CPU.Build.0 = Debug|Any CPU
		{C58B82EA-7FD6-4D63-89B4-4AE8E7CBCAE3}.Release|Any CPU.ActiveCfg = Release|Any CPU
		{C58B82EA-7FD6-4D63-89B4-4AE8E7CBCAE3}.Release|Any CPU.Build.0 = Release|Any CPU
		{7C3B4D22-D193-4A11-88EF-537873B77225}.Debug|Any CPU.ActiveCfg = Debug|Any CPU
		{7C3B4D22-D193-4A11-88EF-537873B77225}.Debug|Any CPU.Build.0 = Debug|Any CPU
		{7C3B4D22-D193-4A11-88EF-537873B77225}.Release|Any CPU.ActiveCfg = Release|Any CPU
		{7C3B4D22-D193-4A11-88EF-537873B77225}.Release|Any CPU.Build.0 = Release|Any CPU
		{D95B91E8-CE3A-4F85-8214-4030C95F8629}.Debug|Any CPU.ActiveCfg = Debug|Any CPU
		{D95B91E8-CE3A-4F85-8214-4030C95F8629}.Debug|Any CPU.Build.0 = Debug|Any CPU
		{D95B91E8-CE3A-4F85-8214-4030C95F8629}.Release|Any CPU.ActiveCfg = Release|Any CPU
		{D95B91E8-CE3A-4F85-8214-4030C95F8629}.Release|Any CPU.Build.0 = Release|Any CPU
		{FC202D48-E148-4CDA-B816-9493613D6A61}.Debug|Any CPU.ActiveCfg = Debug|Any CPU
		{FC202D48-E148-4CDA-B816-9493613D6A61}.Debug|Any CPU.Build.0 = Debug|Any CPU
		{FC202D48-E148-4CDA-B816-9493613D6A61}.Release|Any CPU.ActiveCfg = Release|Any CPU
		{FC202D48-E148-4CDA-B816-9493613D6A61}.Release|Any CPU.Build.0 = Release|Any CPU
		{CF88CF45-47F7-4E38-8D81-652C78DDC5A6}.Debug|Any CPU.ActiveCfg = Debug|Any CPU
		{CF88CF45-47F7-4E38-8D81-652C78DDC5A6}.Debug|Any CPU.Build.0 = Debug|Any CPU
		{CF88CF45-47F7-4E38-8D81-652C78DDC5A6}.Release|Any CPU.ActiveCfg = Release|Any CPU
		{CF88CF45-47F7-4E38-8D81-652C78DDC5A6}.Release|Any CPU.Build.0 = Release|Any CPU
	EndGlobalSection
	GlobalSection(SolutionProperties) = preSolution
		HideSolutionNode = FALSE
	EndGlobalSection
	GlobalSection(ExtensibilityGlobals) = postSolution
		SolutionGuid = {84ACEBC9-211C-43E9-B5A1-E2B43664A8B3}
	EndGlobalSection
EndGlobal
